// !$*UTF8*$!
{
	archiveVersion = 1;
	classes = {
	};
	objectVersion = 55;
	objects = {

/* Begin PBXBuildFile section */
		4C44777428638ED400E916CE /* PokeApiServiceTests.swift in Sources */ = {isa = PBXBuildFile; fileRef = 4C44777328638ED400E916CE /* PokeApiServiceTests.swift */; };
		4C447776286415C200E916CE /* PokeApiServiceFactoryProtocol.swift in Sources */ = {isa = PBXBuildFile; fileRef = 4C447775286415C200E916CE /* PokeApiServiceFactoryProtocol.swift */; };
		4C4477782864176000E916CE /* PokemonServiceFactory.swift in Sources */ = {isa = PBXBuildFile; fileRef = 4C4477772864176000E916CE /* PokemonServiceFactory.swift */; };
		4C9BD3B228629DF000D89B89 /* AppDelegate.swift in Sources */ = {isa = PBXBuildFile; fileRef = 4C9BD3B128629DF000D89B89 /* AppDelegate.swift */; };
		4C9BD3B428629DF000D89B89 /* SceneDelegate.swift in Sources */ = {isa = PBXBuildFile; fileRef = 4C9BD3B328629DF000D89B89 /* SceneDelegate.swift */; };
		4C9BD3B628629DF000D89B89 /* PokemonListController.swift in Sources */ = {isa = PBXBuildFile; fileRef = 4C9BD3B528629DF000D89B89 /* PokemonListController.swift */; };
		4C9BD3BB28629DF200D89B89 /* Assets.xcassets in Resources */ = {isa = PBXBuildFile; fileRef = 4C9BD3BA28629DF200D89B89 /* Assets.xcassets */; };
		4C9BD3BE28629DF200D89B89 /* LaunchScreen.storyboard in Resources */ = {isa = PBXBuildFile; fileRef = 4C9BD3BC28629DF200D89B89 /* LaunchScreen.storyboard */; };
		4C9BD3C928629DF300D89B89 /* PokeListTests.swift in Sources */ = {isa = PBXBuildFile; fileRef = 4C9BD3C828629DF300D89B89 /* PokeListTests.swift */; };
		4C9BD3D328629DF300D89B89 /* PokeListUITests.swift in Sources */ = {isa = PBXBuildFile; fileRef = 4C9BD3D228629DF300D89B89 /* PokeListUITests.swift */; };
		4C9BD3D528629DF300D89B89 /* PokeListUITestsLaunchTests.swift in Sources */ = {isa = PBXBuildFile; fileRef = 4C9BD3D428629DF300D89B89 /* PokeListUITestsLaunchTests.swift */; };
		4C9BD3EB2862AB8A00D89B89 /* PokeApiService.swift in Sources */ = {isa = PBXBuildFile; fileRef = 4C9BD3EA2862AB8A00D89B89 /* PokeApiService.swift */; };
		4C9BD3ED2862AEC600D89B89 /* Pokemon.swift in Sources */ = {isa = PBXBuildFile; fileRef = 4C9BD3EC2862AEC600D89B89 /* Pokemon.swift */; };
		4C9BD3EF2862BAB500D89B89 /* PokeApiResponse.swift in Sources */ = {isa = PBXBuildFile; fileRef = 4C9BD3EE2862BAB500D89B89 /* PokeApiResponse.swift */; };
/* End PBXBuildFile section */

/* Begin PBXContainerItemProxy section */
		4C9BD3C528629DF300D89B89 /* PBXContainerItemProxy */ = {
			isa = PBXContainerItemProxy;
			containerPortal = 4C9BD3A628629DF000D89B89 /* Project object */;
			proxyType = 1;
			remoteGlobalIDString = 4C9BD3AD28629DF000D89B89;
			remoteInfo = PokeList;
		};
		4C9BD3CF28629DF300D89B89 /* PBXContainerItemProxy */ = {
			isa = PBXContainerItemProxy;
			containerPortal = 4C9BD3A628629DF000D89B89 /* Project object */;
			proxyType = 1;
			remoteGlobalIDString = 4C9BD3AD28629DF000D89B89;
			remoteInfo = PokeList;
		};
/* End PBXContainerItemProxy section */

/* Begin PBXFileReference section */
		4C44777328638ED400E916CE /* PokeApiServiceTests.swift */ = {isa = PBXFileReference; lastKnownFileType = sourcecode.swift; path = PokeApiServiceTests.swift; sourceTree = "<group>"; };
		4C447775286415C200E916CE /* PokeApiServiceFactoryProtocol.swift */ = {isa = PBXFileReference; lastKnownFileType = sourcecode.swift; path = PokeApiServiceFactoryProtocol.swift; sourceTree = "<group>"; };
		4C4477772864176000E916CE /* PokemonServiceFactory.swift */ = {isa = PBXFileReference; lastKnownFileType = sourcecode.swift; path = PokemonServiceFactory.swift; sourceTree = "<group>"; };
		4C9BD3AE28629DF000D89B89 /* PokeList.app */ = {isa = PBXFileReference; explicitFileType = wrapper.application; includeInIndex = 0; path = PokeList.app; sourceTree = BUILT_PRODUCTS_DIR; };
		4C9BD3B128629DF000D89B89 /* AppDelegate.swift */ = {isa = PBXFileReference; lastKnownFileType = sourcecode.swift; path = AppDelegate.swift; sourceTree = "<group>"; };
		4C9BD3B328629DF000D89B89 /* SceneDelegate.swift */ = {isa = PBXFileReference; lastKnownFileType = sourcecode.swift; path = SceneDelegate.swift; sourceTree = "<group>"; };
		4C9BD3B528629DF000D89B89 /* PokemonListController.swift */ = {isa = PBXFileReference; lastKnownFileType = sourcecode.swift; path = PokemonListController.swift; sourceTree = "<group>"; };
		4C9BD3BA28629DF200D89B89 /* Assets.xcassets */ = {isa = PBXFileReference; lastKnownFileType = folder.assetcatalog; path = Assets.xcassets; sourceTree = "<group>"; };
		4C9BD3BD28629DF200D89B89 /* Base */ = {isa = PBXFileReference; lastKnownFileType = file.storyboard; name = Base; path = Base.lproj/LaunchScreen.storyboard; sourceTree = "<group>"; };
		4C9BD3BF28629DF200D89B89 /* Info.plist */ = {isa = PBXFileReference; lastKnownFileType = text.plist.xml; path = Info.plist; sourceTree = "<group>"; };
		4C9BD3C428629DF300D89B89 /* PokeListTests.xctest */ = {isa = PBXFileReference; explicitFileType = wrapper.cfbundle; includeInIndex = 0; path = PokeListTests.xctest; sourceTree = BUILT_PRODUCTS_DIR; };
		4C9BD3C828629DF300D89B89 /* PokeListTests.swift */ = {isa = PBXFileReference; lastKnownFileType = sourcecode.swift; path = PokeListTests.swift; sourceTree = "<group>"; };
		4C9BD3CE28629DF300D89B89 /* PokeListUITests.xctest */ = {isa = PBXFileReference; explicitFileType = wrapper.cfbundle; includeInIndex = 0; path = PokeListUITests.xctest; sourceTree = BUILT_PRODUCTS_DIR; };
		4C9BD3D228629DF300D89B89 /* PokeListUITests.swift */ = {isa = PBXFileReference; lastKnownFileType = sourcecode.swift; path = PokeListUITests.swift; sourceTree = "<group>"; };
		4C9BD3D428629DF300D89B89 /* PokeListUITestsLaunchTests.swift */ = {isa = PBXFileReference; lastKnownFileType = sourcecode.swift; path = PokeListUITestsLaunchTests.swift; sourceTree = "<group>"; };
		4C9BD3EA2862AB8A00D89B89 /* PokeApiService.swift */ = {isa = PBXFileReference; lastKnownFileType = sourcecode.swift; path = PokeApiService.swift; sourceTree = "<group>"; };
		4C9BD3EC2862AEC600D89B89 /* Pokemon.swift */ = {isa = PBXFileReference; lastKnownFileType = sourcecode.swift; path = Pokemon.swift; sourceTree = "<group>"; };
		4C9BD3EE2862BAB500D89B89 /* PokeApiResponse.swift */ = {isa = PBXFileReference; lastKnownFileType = sourcecode.swift; path = PokeApiResponse.swift; sourceTree = "<group>"; };
/* End PBXFileReference section */

/* Begin PBXFrameworksBuildPhase section */
		4C9BD3AB28629DF000D89B89 /* Frameworks */ = {
			isa = PBXFrameworksBuildPhase;
			buildActionMask = 2147483647;
			files = (
			);
			runOnlyForDeploymentPostprocessing = 0;
		};
		4C9BD3C128629DF300D89B89 /* Frameworks */ = {
			isa = PBXFrameworksBuildPhase;
			buildActionMask = 2147483647;
			files = (
			);
			runOnlyForDeploymentPostprocessing = 0;
		};
		4C9BD3CB28629DF300D89B89 /* Frameworks */ = {
			isa = PBXFrameworksBuildPhase;
			buildActionMask = 2147483647;
			files = (
			);
			runOnlyForDeploymentPostprocessing = 0;
		};
/* End PBXFrameworksBuildPhase section */

/* Begin PBXGroup section */
		4C44777028638EA700E916CE /* Scenes */ = {
			isa = PBXGroup;
			children = (
				4C44777128638EAB00E916CE /* PokemonList */,
			);
			path = Scenes;
			sourceTree = "<group>";
		};
		4C44777128638EAB00E916CE /* PokemonList */ = {
			isa = PBXGroup;
			children = (
				4C44777228638EB700E916CE /* Services */,
			);
			path = PokemonList;
			sourceTree = "<group>";
		};
		4C44777228638EB700E916CE /* Services */ = {
			isa = PBXGroup;
			children = (
				4C44777328638ED400E916CE /* PokeApiServiceTests.swift */,
			);
			path = Services;
			sourceTree = "<group>";
		};
		4C9BD3A528629DF000D89B89 = {
			isa = PBXGroup;
			children = (
				4C9BD3B028629DF000D89B89 /* PokeList */,
				4C9BD3C728629DF300D89B89 /* PokeListTests */,
				4C9BD3D128629DF300D89B89 /* PokeListUITests */,
				4C9BD3AF28629DF000D89B89 /* Products */,
			);
			sourceTree = "<group>";
		};
		4C9BD3AF28629DF000D89B89 /* Products */ = {
			isa = PBXGroup;
			children = (
				4C9BD3AE28629DF000D89B89 /* PokeList.app */,
				4C9BD3C428629DF300D89B89 /* PokeListTests.xctest */,
				4C9BD3CE28629DF300D89B89 /* PokeListUITests.xctest */,
			);
			name = Products;
			sourceTree = "<group>";
		};
		4C9BD3B028629DF000D89B89 /* PokeList */ = {
			isa = PBXGroup;
			children = (
				4C9BD3E52862A5A300D89B89 /* Lifecycle */,
				4C9BD3E42862A58F00D89B89 /* Resources */,
				4C9BD3E12862A56600D89B89 /* Scenes */,
				4C9BD3E32862A58400D89B89 /* Supporting-Files */,
			);
			path = PokeList;
			sourceTree = "<group>";
		};
		4C9BD3C728629DF300D89B89 /* PokeListTests */ = {
			isa = PBXGroup;
			children = (
				4C44777028638EA700E916CE /* Scenes */,
				4C9BD3C828629DF300D89B89 /* PokeListTests.swift */,
			);
			path = PokeListTests;
			sourceTree = "<group>";
		};
		4C9BD3D128629DF300D89B89 /* PokeListUITests */ = {
			isa = PBXGroup;
			children = (
				4C9BD3D228629DF300D89B89 /* PokeListUITests.swift */,
				4C9BD3D428629DF300D89B89 /* PokeListUITestsLaunchTests.swift */,
			);
			path = PokeListUITests;
			sourceTree = "<group>";
		};
		4C9BD3E12862A56600D89B89 /* Scenes */ = {
			isa = PBXGroup;
			children = (
				4C9BD3E22862A56A00D89B89 /* PokemonList */,
			);
			path = Scenes;
			sourceTree = "<group>";
		};
		4C9BD3E22862A56A00D89B89 /* PokemonList */ = {
			isa = PBXGroup;
			children = (
				4C9BD3E72862AA2200D89B89 /* Models */,
				4C9BD3E62862AA1B00D89B89 /* Views */,
				4C9BD3E82862AA2800D89B89 /* Presenters */,
				4C9BD3E92862AB4900D89B89 /* Services */,
			);
			path = PokemonList;
			sourceTree = "<group>";
		};
		4C9BD3E32862A58400D89B89 /* Supporting-Files */ = {
			isa = PBXGroup;
			children = (
				4C9BD3BF28629DF200D89B89 /* Info.plist */,
			);
			path = "Supporting-Files";
			sourceTree = "<group>";
		};
		4C9BD3E42862A58F00D89B89 /* Resources */ = {
			isa = PBXGroup;
			children = (
				4C9BD3BA28629DF200D89B89 /* Assets.xcassets */,
			);
			path = Resources;
			sourceTree = "<group>";
		};
		4C9BD3E52862A5A300D89B89 /* Lifecycle */ = {
			isa = PBXGroup;
			children = (
				4C9BD3B128629DF000D89B89 /* AppDelegate.swift */,
				4C9BD3B328629DF000D89B89 /* SceneDelegate.swift */,
				4C9BD3BC28629DF200D89B89 /* LaunchScreen.storyboard */,
			);
			path = Lifecycle;
			sourceTree = "<group>";
		};
		4C9BD3E62862AA1B00D89B89 /* Views */ = {
			isa = PBXGroup;
			children = (
				4C9BD3B528629DF000D89B89 /* PokemonListController.swift */,
			);
			path = Views;
			sourceTree = "<group>";
		};
		4C9BD3E72862AA2200D89B89 /* Models */ = {
			isa = PBXGroup;
			children = (
				4C9BD3EC2862AEC600D89B89 /* Pokemon.swift */,
				4C9BD3EE2862BAB500D89B89 /* PokeApiResponse.swift */,
			);
			path = Models;
			sourceTree = "<group>";
		};
		4C9BD3E82862AA2800D89B89 /* Presenters */ = {
			isa = PBXGroup;
			children = (
			);
			path = Presenters;
			sourceTree = "<group>";
		};
		4C9BD3E92862AB4900D89B89 /* Services */ = {
			isa = PBXGroup;
			children = (
				4C9BD3EA2862AB8A00D89B89 /* PokeApiService.swift */,
				4C447775286415C200E916CE /* PokeApiServiceFactoryProtocol.swift */,
				4C4477772864176000E916CE /* PokemonServiceFactory.swift */,
			);
			path = Services;
			sourceTree = "<group>";
		};
/* End PBXGroup section */

/* Begin PBXNativeTarget section */
		4C9BD3AD28629DF000D89B89 /* PokeList */ = {
			isa = PBXNativeTarget;
			buildConfigurationList = 4C9BD3D828629DF300D89B89 /* Build configuration list for PBXNativeTarget "PokeList" */;
			buildPhases = (
				4C9BD3AA28629DF000D89B89 /* Sources */,
				4C9BD3AB28629DF000D89B89 /* Frameworks */,
				4C9BD3AC28629DF000D89B89 /* Resources */,
			);
			buildRules = (
			);
			dependencies = (
			);
			name = PokeList;
			productName = PokeList;
			productReference = 4C9BD3AE28629DF000D89B89 /* PokeList.app */;
			productType = "com.apple.product-type.application";
		};
		4C9BD3C328629DF300D89B89 /* PokeListTests */ = {
			isa = PBXNativeTarget;
			buildConfigurationList = 4C9BD3DB28629DF300D89B89 /* Build configuration list for PBXNativeTarget "PokeListTests" */;
			buildPhases = (
				4C9BD3C028629DF300D89B89 /* Sources */,
				4C9BD3C128629DF300D89B89 /* Frameworks */,
				4C9BD3C228629DF300D89B89 /* Resources */,
			);
			buildRules = (
			);
			dependencies = (
				4C9BD3C628629DF300D89B89 /* PBXTargetDependency */,
			);
			name = PokeListTests;
			productName = PokeListTests;
			productReference = 4C9BD3C428629DF300D89B89 /* PokeListTests.xctest */;
			productType = "com.apple.product-type.bundle.unit-test";
		};
		4C9BD3CD28629DF300D89B89 /* PokeListUITests */ = {
			isa = PBXNativeTarget;
			buildConfigurationList = 4C9BD3DE28629DF300D89B89 /* Build configuration list for PBXNativeTarget "PokeListUITests" */;
			buildPhases = (
				4C9BD3CA28629DF300D89B89 /* Sources */,
				4C9BD3CB28629DF300D89B89 /* Frameworks */,
				4C9BD3CC28629DF300D89B89 /* Resources */,
			);
			buildRules = (
			);
			dependencies = (
				4C9BD3D028629DF300D89B89 /* PBXTargetDependency */,
			);
			name = PokeListUITests;
			productName = PokeListUITests;
			productReference = 4C9BD3CE28629DF300D89B89 /* PokeListUITests.xctest */;
			productType = "com.apple.product-type.bundle.ui-testing";
		};
/* End PBXNativeTarget section */

/* Begin PBXProject section */
		4C9BD3A628629DF000D89B89 /* Project object */ = {
			isa = PBXProject;
			attributes = {
				BuildIndependentTargetsInParallel = 1;
				LastSwiftUpdateCheck = 1340;
				LastUpgradeCheck = 1340;
				TargetAttributes = {
					4C9BD3AD28629DF000D89B89 = {
						CreatedOnToolsVersion = 13.4;
					};
					4C9BD3C328629DF300D89B89 = {
						CreatedOnToolsVersion = 13.4;
						TestTargetID = 4C9BD3AD28629DF000D89B89;
					};
					4C9BD3CD28629DF300D89B89 = {
						CreatedOnToolsVersion = 13.4;
						TestTargetID = 4C9BD3AD28629DF000D89B89;
					};
				};
			};
			buildConfigurationList = 4C9BD3A928629DF000D89B89 /* Build configuration list for PBXProject "PokeList" */;
			compatibilityVersion = "Xcode 13.0";
			developmentRegion = en;
			hasScannedForEncodings = 0;
			knownRegions = (
				en,
				Base,
			);
			mainGroup = 4C9BD3A528629DF000D89B89;
			productRefGroup = 4C9BD3AF28629DF000D89B89 /* Products */;
			projectDirPath = "";
			projectRoot = "";
			targets = (
				4C9BD3AD28629DF000D89B89 /* PokeList */,
				4C9BD3C328629DF300D89B89 /* PokeListTests */,
				4C9BD3CD28629DF300D89B89 /* PokeListUITests */,
			);
		};
/* End PBXProject section */

/* Begin PBXResourcesBuildPhase section */
		4C9BD3AC28629DF000D89B89 /* Resources */ = {
			isa = PBXResourcesBuildPhase;
			buildActionMask = 2147483647;
			files = (
				4C9BD3BE28629DF200D89B89 /* LaunchScreen.storyboard in Resources */,
				4C9BD3BB28629DF200D89B89 /* Assets.xcassets in Resources */,
			);
			runOnlyForDeploymentPostprocessing = 0;
		};
		4C9BD3C228629DF300D89B89 /* Resources */ = {
			isa = PBXResourcesBuildPhase;
			buildActionMask = 2147483647;
			files = (
			);
			runOnlyForDeploymentPostprocessing = 0;
		};
		4C9BD3CC28629DF300D89B89 /* Resources */ = {
			isa = PBXResourcesBuildPhase;
			buildActionMask = 2147483647;
			files = (
			);
			runOnlyForDeploymentPostprocessing = 0;
		};
/* End PBXResourcesBuildPhase section */

/* Begin PBXSourcesBuildPhase section */
		4C9BD3AA28629DF000D89B89 /* Sources */ = {
			isa = PBXSourcesBuildPhase;
			buildActionMask = 2147483647;
			files = (
				4C4477782864176000E916CE /* PokemonServiceFactory.swift in Sources */,
				4C9BD3EF2862BAB500D89B89 /* PokeApiResponse.swift in Sources */,
				4C9BD3ED2862AEC600D89B89 /* Pokemon.swift in Sources */,
				4C9BD3B628629DF000D89B89 /* PokemonListController.swift in Sources */,
				4C9BD3EB2862AB8A00D89B89 /* PokeApiService.swift in Sources */,
				4C9BD3B228629DF000D89B89 /* AppDelegate.swift in Sources */,
				4C447776286415C200E916CE /* PokeApiServiceFactoryProtocol.swift in Sources */,
				4C9BD3B428629DF000D89B89 /* SceneDelegate.swift in Sources */,
			);
			runOnlyForDeploymentPostprocessing = 0;
		};
		4C9BD3C028629DF300D89B89 /* Sources */ = {
			isa = PBXSourcesBuildPhase;
			buildActionMask = 2147483647;
			files = (
				4C9BD3C928629DF300D89B89 /* PokeListTests.swift in Sources */,
				4C44777428638ED400E916CE /* PokeApiServiceTests.swift in Sources */,
			);
			runOnlyForDeploymentPostprocessing = 0;
		};
		4C9BD3CA28629DF300D89B89 /* Sources */ = {
			isa = PBXSourcesBuildPhase;
			buildActionMask = 2147483647;
			files = (
				4C9BD3D528629DF300D89B89 /* PokeListUITestsLaunchTests.swift in Sources */,
				4C9BD3D328629DF300D89B89 /* PokeListUITests.swift in Sources */,
			);
			runOnlyForDeploymentPostprocessing = 0;
		};
/* End PBXSourcesBuildPhase section */

/* Begin PBXTargetDependency section */
		4C9BD3C628629DF300D89B89 /* PBXTargetDependency */ = {
			isa = PBXTargetDependency;
			target = 4C9BD3AD28629DF000D89B89 /* PokeList */;
			targetProxy = 4C9BD3C528629DF300D89B89 /* PBXContainerItemProxy */;
		};
		4C9BD3D028629DF300D89B89 /* PBXTargetDependency */ = {
			isa = PBXTargetDependency;
			target = 4C9BD3AD28629DF000D89B89 /* PokeList */;
			targetProxy = 4C9BD3CF28629DF300D89B89 /* PBXContainerItemProxy */;
		};
/* End PBXTargetDependency section */

/* Begin PBXVariantGroup section */
		4C9BD3BC28629DF200D89B89 /* LaunchScreen.storyboard */ = {
			isa = PBXVariantGroup;
			children = (
				4C9BD3BD28629DF200D89B89 /* Base */,
			);
			name = LaunchScreen.storyboard;
			sourceTree = "<group>";
		};
/* End PBXVariantGroup section */

/* Begin XCBuildConfiguration section */
		4C9BD3D628629DF300D89B89 /* Debug */ = {
			isa = XCBuildConfiguration;
			buildSettings = {
				ALWAYS_SEARCH_USER_PATHS = NO;
				CLANG_ANALYZER_NONNULL = YES;
				CLANG_ANALYZER_NUMBER_OBJECT_CONVERSION = YES_AGGRESSIVE;
				CLANG_CXX_LANGUAGE_STANDARD = "gnu++17";
				CLANG_ENABLE_MODULES = YES;
				CLANG_ENABLE_OBJC_ARC = YES;
				CLANG_ENABLE_OBJC_WEAK = YES;
				CLANG_WARN_BLOCK_CAPTURE_AUTORELEASING = YES;
				CLANG_WARN_BOOL_CONVERSION = YES;
				CLANG_WARN_COMMA = YES;
				CLANG_WARN_CONSTANT_CONVERSION = YES;
				CLANG_WARN_DEPRECATED_OBJC_IMPLEMENTATIONS = YES;
				CLANG_WARN_DIRECT_OBJC_ISA_USAGE = YES_ERROR;
				CLANG_WARN_DOCUMENTATION_COMMENTS = YES;
				CLANG_WARN_EMPTY_BODY = YES;
				CLANG_WARN_ENUM_CONVERSION = YES;
				CLANG_WARN_INFINITE_RECURSION = YES;
				CLANG_WARN_INT_CONVERSION = YES;
				CLANG_WARN_NON_LITERAL_NULL_CONVERSION = YES;
				CLANG_WARN_OBJC_IMPLICIT_RETAIN_SELF = YES;
				CLANG_WARN_OBJC_LITERAL_CONVERSION = YES;
				CLANG_WARN_OBJC_ROOT_CLASS = YES_ERROR;
				CLANG_WARN_QUOTED_INCLUDE_IN_FRAMEWORK_HEADER = YES;
				CLANG_WARN_RANGE_LOOP_ANALYSIS = YES;
				CLANG_WARN_STRICT_PROTOTYPES = YES;
				CLANG_WARN_SUSPICIOUS_MOVE = YES;
				CLANG_WARN_UNGUARDED_AVAILABILITY = YES_AGGRESSIVE;
				CLANG_WARN_UNREACHABLE_CODE = YES;
				CLANG_WARN__DUPLICATE_METHOD_MATCH = YES;
				COPY_PHASE_STRIP = NO;
				DEBUG_INFORMATION_FORMAT = dwarf;
				ENABLE_STRICT_OBJC_MSGSEND = YES;
				ENABLE_TESTABILITY = YES;
				GCC_C_LANGUAGE_STANDARD = gnu11;
				GCC_DYNAMIC_NO_PIC = NO;
				GCC_NO_COMMON_BLOCKS = YES;
				GCC_OPTIMIZATION_LEVEL = 0;
				GCC_PREPROCESSOR_DEFINITIONS = (
					"DEBUG=1",
					"$(inherited)",
				);
				GCC_WARN_64_TO_32_BIT_CONVERSION = YES;
				GCC_WARN_ABOUT_RETURN_TYPE = YES_ERROR;
				GCC_WARN_UNDECLARED_SELECTOR = YES;
				GCC_WARN_UNINITIALIZED_AUTOS = YES_AGGRESSIVE;
				GCC_WARN_UNUSED_FUNCTION = YES;
				GCC_WARN_UNUSED_VARIABLE = YES;
				IPHONEOS_DEPLOYMENT_TARGET = 15.5;
				MTL_ENABLE_DEBUG_INFO = INCLUDE_SOURCE;
				MTL_FAST_MATH = YES;
				ONLY_ACTIVE_ARCH = YES;
				SDKROOT = iphoneos;
				SWIFT_ACTIVE_COMPILATION_CONDITIONS = DEBUG;
				SWIFT_OPTIMIZATION_LEVEL = "-Onone";
			};
			name = Debug;
		};
		4C9BD3D728629DF300D89B89 /* Release */ = {
			isa = XCBuildConfiguration;
			buildSettings = {
				ALWAYS_SEARCH_USER_PATHS = NO;
				CLANG_ANALYZER_NONNULL = YES;
				CLANG_ANALYZER_NUMBER_OBJECT_CONVERSION = YES_AGGRESSIVE;
				CLANG_CXX_LANGUAGE_STANDARD = "gnu++17";
				CLANG_ENABLE_MODULES = YES;
				CLANG_ENABLE_OBJC_ARC = YES;
				CLANG_ENABLE_OBJC_WEAK = YES;
				CLANG_WARN_BLOCK_CAPTURE_AUTORELEASING = YES;
				CLANG_WARN_BOOL_CONVERSION = YES;
				CLANG_WARN_COMMA = YES;
				CLANG_WARN_CONSTANT_CONVERSION = YES;
				CLANG_WARN_DEPRECATED_OBJC_IMPLEMENTATIONS = YES;
				CLANG_WARN_DIRECT_OBJC_ISA_USAGE = YES_ERROR;
				CLANG_WARN_DOCUMENTATION_COMMENTS = YES;
				CLANG_WARN_EMPTY_BODY = YES;
				CLANG_WARN_ENUM_CONVERSION = YES;
				CLANG_WARN_INFINITE_RECURSION = YES;
				CLANG_WARN_INT_CONVERSION = YES;
				CLANG_WARN_NON_LITERAL_NULL_CONVERSION = YES;
				CLANG_WARN_OBJC_IMPLICIT_RETAIN_SELF = YES;
				CLANG_WARN_OBJC_LITERAL_CONVERSION = YES;
				CLANG_WARN_OBJC_ROOT_CLASS = YES_ERROR;
				CLANG_WARN_QUOTED_INCLUDE_IN_FRAMEWORK_HEADER = YES;
				CLANG_WARN_RANGE_LOOP_ANALYSIS = YES;
				CLANG_WARN_STRICT_PROTOTYPES = YES;
				CLANG_WARN_SUSPICIOUS_MOVE = YES;
				CLANG_WARN_UNGUARDED_AVAILABILITY = YES_AGGRESSIVE;
				CLANG_WARN_UNREACHABLE_CODE = YES;
				CLANG_WARN__DUPLICATE_METHOD_MATCH = YES;
				COPY_PHASE_STRIP = NO;
				DEBUG_INFORMATION_FORMAT = "dwarf-with-dsym";
				ENABLE_NS_ASSERTIONS = NO;
				ENABLE_STRICT_OBJC_MSGSEND = YES;
				GCC_C_LANGUAGE_STANDARD = gnu11;
				GCC_NO_COMMON_BLOCKS = YES;
				GCC_WARN_64_TO_32_BIT_CONVERSION = YES;
				GCC_WARN_ABOUT_RETURN_TYPE = YES_ERROR;
				GCC_WARN_UNDECLARED_SELECTOR = YES;
				GCC_WARN_UNINITIALIZED_AUTOS = YES_AGGRESSIVE;
				GCC_WARN_UNUSED_FUNCTION = YES;
				GCC_WARN_UNUSED_VARIABLE = YES;
				IPHONEOS_DEPLOYMENT_TARGET = 15.5;
				MTL_ENABLE_DEBUG_INFO = NO;
				MTL_FAST_MATH = YES;
				SDKROOT = iphoneos;
				SWIFT_COMPILATION_MODE = wholemodule;
				SWIFT_OPTIMIZATION_LEVEL = "-O";
				VALIDATE_PRODUCT = YES;
			};
			name = Release;
		};
		4C9BD3D928629DF300D89B89 /* Debug */ = {
			isa = XCBuildConfiguration;
			buildSettings = {
				ASSETCATALOG_COMPILER_APPICON_NAME = AppIcon;
				ASSETCATALOG_COMPILER_GLOBAL_ACCENT_COLOR_NAME = AccentColor;
				CODE_SIGN_STYLE = Automatic;
				CURRENT_PROJECT_VERSION = 1;
				DEVELOPMENT_TEAM = H7BM7N56V5;
				GENERATE_INFOPLIST_FILE = YES;
				INFOPLIST_FILE = "PokeList/Supporting-Files/Info.plist";
				INFOPLIST_KEY_UIApplicationSupportsIndirectInputEvents = YES;
				INFOPLIST_KEY_UILaunchStoryboardName = LaunchScreen;
				INFOPLIST_KEY_UIMainStoryboardFile = "";
				INFOPLIST_KEY_UISupportedInterfaceOrientations_iPad = "UIInterfaceOrientationPortrait UIInterfaceOrientationPortraitUpsideDown UIInterfaceOrientationLandscapeLeft UIInterfaceOrientationLandscapeRight";
				INFOPLIST_KEY_UISupportedInterfaceOrientations_iPhone = "UIInterfaceOrientationPortrait UIInterfaceOrientationLandscapeLeft UIInterfaceOrientationLandscapeRight";
				LD_RUNPATH_SEARCH_PATHS = (
					"$(inherited)",
					"@executable_path/Frameworks",
				);
				MARKETING_VERSION = 1.0;
				PRODUCT_BUNDLE_IDENTIFIER = com.vcoutasso.PokeList;
				PRODUCT_NAME = "$(TARGET_NAME)";
				SWIFT_EMIT_LOC_STRINGS = YES;
				SWIFT_VERSION = 5.0;
				TARGETED_DEVICE_FAMILY = "1,2";
			};
			name = Debug;
		};
		4C9BD3DA28629DF300D89B89 /* Release */ = {
			isa = XCBuildConfiguration;
			buildSettings = {
				ASSETCATALOG_COMPILER_APPICON_NAME = AppIcon;
				ASSETCATALOG_COMPILER_GLOBAL_ACCENT_COLOR_NAME = AccentColor;
				CODE_SIGN_STYLE = Automatic;
				CURRENT_PROJECT_VERSION = 1;
				DEVELOPMENT_TEAM = H7BM7N56V5;
				GENERATE_INFOPLIST_FILE = YES;
				INFOPLIST_FILE = "PokeList/Supporting-Files/Info.plist";
				INFOPLIST_KEY_UIApplicationSupportsIndirectInputEvents = YES;
				INFOPLIST_KEY_UILaunchStoryboardName = LaunchScreen;
				INFOPLIST_KEY_UIMainStoryboardFile = "";
				INFOPLIST_KEY_UISupportedInterfaceOrientations_iPad = "UIInterfaceOrientationPortrait UIInterfaceOrientationPortraitUpsideDown UIInterfaceOrientationLandscapeLeft UIInterfaceOrientationLandscapeRight";
				INFOPLIST_KEY_UISupportedInterfaceOrientations_iPhone = "UIInterfaceOrientationPortrait UIInterfaceOrientationLandscapeLeft UIInterfaceOrientationLandscapeRight";
				LD_RUNPATH_SEARCH_PATHS = (
					"$(inherited)",
					"@executable_path/Frameworks",
				);
				MARKETING_VERSION = 1.0;
				PRODUCT_BUNDLE_IDENTIFIER = com.vcoutasso.PokeList;
				PRODUCT_NAME = "$(TARGET_NAME)";
				SWIFT_EMIT_LOC_STRINGS = YES;
				SWIFT_VERSION = 5.0;
				TARGETED_DEVICE_FAMILY = "1,2";
			};
			name = Release;
		};
		4C9BD3DC28629DF300D89B89 /* Debug */ = {
			isa = XCBuildConfiguration;
			buildSettings = {
				ALWAYS_EMBED_SWIFT_STANDARD_LIBRARIES = YES;
				BUNDLE_LOADER = "$(TEST_HOST)";
				CODE_SIGN_STYLE = Automatic;
				CURRENT_PROJECT_VERSION = 1;
				DEVELOPMENT_TEAM = H7BM7N56V5;
				GENERATE_INFOPLIST_FILE = YES;
				IPHONEOS_DEPLOYMENT_TARGET = 15.5;
				MARKETING_VERSION = 1.0;
				PRODUCT_BUNDLE_IDENTIFIER = com.vcoutasso.PokeListTests;
				PRODUCT_NAME = "$(TARGET_NAME)";
				SWIFT_EMIT_LOC_STRINGS = NO;
				SWIFT_VERSION = 5.0;
				TARGETED_DEVICE_FAMILY = "1,2";
				TEST_HOST = "$(BUILT_PRODUCTS_DIR)/PokeList.app/PokeList";
			};
			name = Debug;
		};
		4C9BD3DD28629DF300D89B89 /* Release */ = {
			isa = XCBuildConfiguration;
			buildSettings = {
				ALWAYS_EMBED_SWIFT_STANDARD_LIBRARIES = YES;
				BUNDLE_LOADER = "$(TEST_HOST)";
				CODE_SIGN_STYLE = Automatic;
				CURRENT_PROJECT_VERSION = 1;
				DEVELOPMENT_TEAM = H7BM7N56V5;
				GENERATE_INFOPLIST_FILE = YES;
				IPHONEOS_DEPLOYMENT_TARGET = 15.5;
				MARKETING_VERSION = 1.0;
				PRODUCT_BUNDLE_IDENTIFIER = com.vcoutasso.PokeListTests;
				PRODUCT_NAME = "$(TARGET_NAME)";
				SWIFT_EMIT_LOC_STRINGS = NO;
				SWIFT_VERSION = 5.0;
				TARGETED_DEVICE_FAMILY = "1,2";
				TEST_HOST = "$(BUILT_PRODUCTS_DIR)/PokeList.app/PokeList";
			};
			name = Release;
		};
		4C9BD3DF28629DF300D89B89 /* Debug */ = {
			isa = XCBuildConfiguration;
			buildSettings = {
				ALWAYS_EMBED_SWIFT_STANDARD_LIBRARIES = YES;
				CODE_SIGN_STYLE = Automatic;
				CURRENT_PROJECT_VERSION = 1;
				DEVELOPMENT_TEAM = H7BM7N56V5;
				GENERATE_INFOPLIST_FILE = YES;
				MARKETING_VERSION = 1.0;
				PRODUCT_BUNDLE_IDENTIFIER = com.vcoutasso.PokeListUITests;
				PRODUCT_NAME = "$(TARGET_NAME)";
				PROVISIONING_PROFILE = "";
				SWIFT_EMIT_LOC_STRINGS = NO;
				SWIFT_VERSION = 5.0;
				TARGETED_DEVICE_FAMILY = "1,2";
				TEST_TARGET_NAME = PokeList;
			};
			name = Debug;
		};
		4C9BD3E028629DF300D89B89 /* Release */ = {
			isa = XCBuildConfiguration;
			buildSettings = {
				ALWAYS_EMBED_SWIFT_STANDARD_LIBRARIES = YES;
				CODE_SIGN_STYLE = Automatic;
				CURRENT_PROJECT_VERSION = 1;
				DEVELOPMENT_TEAM = H7BM7N56V5;
				GENERATE_INFOPLIST_FILE = YES;
				MARKETING_VERSION = 1.0;
				PRODUCT_BUNDLE_IDENTIFIER = com.vcoutasso.PokeListUITests;
				PRODUCT_NAME = "$(TARGET_NAME)";
				PROVISIONING_PROFILE = "";
				SWIFT_EMIT_LOC_STRINGS = NO;
				SWIFT_VERSION = 5.0;
				TARGETED_DEVICE_FAMILY = "1,2";
				TEST_TARGET_NAME = PokeList;
			};
			name = Release;
		};
/* End XCBuildConfiguration section */

/* Begin XCConfigurationList section */
		4C9BD3A928629DF000D89B89 /* Build configuration list for PBXProject "PokeList" */ = {
			isa = XCConfigurationList;
			buildConfigurations = (
				4C9BD3D628629DF300D89B89 /* Debug */,
				4C9BD3D728629DF300D89B89 /* Release */,
			);
			defaultConfigurationIsVisible = 0;
			defaultConfigurationName = Release;
		};
		4C9BD3D828629DF300D89B89 /* Build configuration list for PBXNativeTarget "PokeList" */ = {
			isa = XCConfigurationList;
			buildConfigurations = (
				4C9BD3D928629DF300D89B89 /* Debug */,
				4C9BD3DA28629DF300D89B89 /* Release */,
			);
			defaultConfigurationIsVisible = 0;
			defaultConfigurationName = Release;
		};
		4C9BD3DB28629DF300D89B89 /* Build configuration list for PBXNativeTarget "PokeListTests" */ = {
			isa = XCConfigurationList;
			buildConfigurations = (
				4C9BD3DC28629DF300D89B89 /* Debug */,
				4C9BD3DD28629DF300D89B89 /* Release */,
			);
			defaultConfigurationIsVisible = 0;
			defaultConfigurationName = Release;
		};
		4C9BD3DE28629DF300D89B89 /* Build configuration list for PBXNativeTarget "PokeListUITests" */ = {
			isa = XCConfigurationList;
			buildConfigurations = (
				4C9BD3DF28629DF300D89B89 /* Debug */,
				4C9BD3E028629DF300D89B89 /* Release */,
			);
			defaultConfigurationIsVisible = 0;
			defaultConfigurationName = Release;
		};
/* End XCConfigurationList section */
	};
	rootObject = 4C9BD3A628629DF000D89B89 /* Project object */;
}
